{
    "_meta": {
        "hash": {
            "sha256": "27d3fc44d7696c385855d78319fbb53ae0b44755993ec60a5d5e22407015954d"
        },
        "pipfile-spec": 6,
        "requires": {
            "python_version": "3.7"
        },
        "sources": [
            {
                "name": "pypi",
                "url": "https://pypi.org/simple",
                "verify_ssl": true
            }
        ]
    },
    "default": {
        "markovify": {
            "hashes": [
                "sha256:254405c5b2f819ae388c39a53e6bc038bfbc24713441869ce90a1cd67e4a89ce"
            ],
            "index": "pypi",
            "version": "==0.8.3"
        },
        "unidecode": {
            "hashes": [
                "sha256:1d7a042116536098d05d599ef2b8616759f02985c85b4fef50c78a5aaf10822a",
                "sha256:2b6aab710c2a1647e928e36d69c21e76b453cd455f4e2621000e54b2a9b8cce8"
            ],
            "version": "==1.1.1"
        }
    },
    "develop": {}
}
